// !$*UTF8*$!
{
	archiveVersion = 1;
	classes = {
	};
	objectVersion = 50;
	objects = {

/* Begin PBXBuildFile section */
		6465E56825C0CB6300CB4FD9 /* ChangesDelegate.swift in Sources */ = {isa = PBXBuildFile; fileRef = 6465E56725C0CB6300CB4FD9 /* ChangesDelegate.swift */; };
		648444FE25C0741200927F00 /* UniverseViewController.swift in Sources */ = {isa = PBXBuildFile; fileRef = 648444FD25C0741200927F00 /* UniverseViewController.swift */; };
		6484450225C0747900927F00 /* GalaxyViewController.swift in Sources */ = {isa = PBXBuildFile; fileRef = 6484450125C0747900927F00 /* GalaxyViewController.swift */; };
		6484450525C0748B00927F00 /* SolarSystemViewController.swift in Sources */ = {isa = PBXBuildFile; fileRef = 6484450425C0748B00927F00 /* SolarSystemViewController.swift */; };
		6484450825C0749D00927F00 /* PlanetViewController.swift in Sources */ = {isa = PBXBuildFile; fileRef = 6484450725C0749D00927F00 /* PlanetViewController.swift */; };
		6484450B25C08CF400927F00 /* GalaxyCollectionViewCell.swift in Sources */ = {isa = PBXBuildFile; fileRef = 6484450A25C08CF400927F00 /* GalaxyCollectionViewCell.swift */; };
		648C058025BF667200E32C74 /* SkyObject.swift in Sources */ = {isa = PBXBuildFile; fileRef = 648C057F25BF667200E32C74 /* SkyObject.swift */; };
		64988C5F25C029FD0084E2EE /* StarTypeEvolution.swift in Sources */ = {isa = PBXBuildFile; fileRef = 64988C5E25C029FD0084E2EE /* StarTypeEvolution.swift */; };
		64988C6225C02B2C0084E2EE /* GalaxyType.swift in Sources */ = {isa = PBXBuildFile; fileRef = 64988C6125C02B2C0084E2EE /* GalaxyType.swift */; };
		64A6280125BB898000593D81 /* Universe.swift in Sources */ = {isa = PBXBuildFile; fileRef = 64A6280025BB898000593D81 /* Universe.swift */; };
		64A6280425BB96A400593D81 /* Galaxy.swift in Sources */ = {isa = PBXBuildFile; fileRef = 64A6280325BB96A400593D81 /* Galaxy.swift */; };
		64A6280725BC1A7E00593D81 /* SolarSystem.swift in Sources */ = {isa = PBXBuildFile; fileRef = 64A6280625BC1A7E00593D81 /* SolarSystem.swift */; };
		64A6280A25BC1A8800593D81 /* Star.swift in Sources */ = {isa = PBXBuildFile; fileRef = 64A6280925BC1A8800593D81 /* Star.swift */; };
		64A6280D25BC1A9500593D81 /* Planet.swift in Sources */ = {isa = PBXBuildFile; fileRef = 64A6280C25BC1A9500593D81 /* Planet.swift */; };
		64C2741225BC5FF300584B46 /* README.md in Resources */ = {isa = PBXBuildFile; fileRef = 64C2741125BC5FF300584B46 /* README.md */; };
		64EE37D325B0908F005129CA /* AppDelegate.swift in Sources */ = {isa = PBXBuildFile; fileRef = 64EE37D225B0908F005129CA /* AppDelegate.swift */; };
		64EE37D525B0908F005129CA /* SceneDelegate.swift in Sources */ = {isa = PBXBuildFile; fileRef = 64EE37D425B0908F005129CA /* SceneDelegate.swift */; };
		64EE37DA25B0908F005129CA /* Main.storyboard in Resources */ = {isa = PBXBuildFile; fileRef = 64EE37D825B0908F005129CA /* Main.storyboard */; };
		64EE37DC25B09092005129CA /* Assets.xcassets in Resources */ = {isa = PBXBuildFile; fileRef = 64EE37DB25B09092005129CA /* Assets.xcassets */; };
		64EE37DF25B09092005129CA /* LaunchScreen.storyboard in Resources */ = {isa = PBXBuildFile; fileRef = 64EE37DD25B09092005129CA /* LaunchScreen.storyboard */; };
/* End PBXBuildFile section */

/* Begin PBXFileReference section */
		6465E56725C0CB6300CB4FD9 /* ChangesDelegate.swift */ = {isa = PBXFileReference; lastKnownFileType = sourcecode.swift; path = ChangesDelegate.swift; sourceTree = "<group>"; };
		648444FD25C0741200927F00 /* UniverseViewController.swift */ = {isa = PBXFileReference; lastKnownFileType = sourcecode.swift; path = UniverseViewController.swift; sourceTree = "<group>"; };
		6484450125C0747900927F00 /* GalaxyViewController.swift */ = {isa = PBXFileReference; lastKnownFileType = sourcecode.swift; path = GalaxyViewController.swift; sourceTree = "<group>"; };
		6484450425C0748B00927F00 /* SolarSystemViewController.swift */ = {isa = PBXFileReference; lastKnownFileType = sourcecode.swift; path = SolarSystemViewController.swift; sourceTree = "<group>"; };
		6484450725C0749D00927F00 /* PlanetViewController.swift */ = {isa = PBXFileReference; lastKnownFileType = sourcecode.swift; path = PlanetViewController.swift; sourceTree = "<group>"; };
		6484450A25C08CF400927F00 /* GalaxyCollectionViewCell.swift */ = {isa = PBXFileReference; lastKnownFileType = sourcecode.swift; path = GalaxyCollectionViewCell.swift; sourceTree = "<group>"; };
		648C057F25BF667200E32C74 /* SkyObject.swift */ = {isa = PBXFileReference; lastKnownFileType = sourcecode.swift; path = SkyObject.swift; sourceTree = "<group>"; };
		64988C5E25C029FD0084E2EE /* StarTypeEvolution.swift */ = {isa = PBXFileReference; lastKnownFileType = sourcecode.swift; path = StarTypeEvolution.swift; sourceTree = "<group>"; };
		64988C6125C02B2C0084E2EE /* GalaxyType.swift */ = {isa = PBXFileReference; lastKnownFileType = sourcecode.swift; path = GalaxyType.swift; sourceTree = "<group>"; };
		64A6280025BB898000593D81 /* Universe.swift */ = {isa = PBXFileReference; lastKnownFileType = sourcecode.swift; path = Universe.swift; sourceTree = "<group>"; };
		64A6280325BB96A400593D81 /* Galaxy.swift */ = {isa = PBXFileReference; lastKnownFileType = sourcecode.swift; path = Galaxy.swift; sourceTree = "<group>"; };
		64A6280625BC1A7E00593D81 /* SolarSystem.swift */ = {isa = PBXFileReference; lastKnownFileType = sourcecode.swift; path = SolarSystem.swift; sourceTree = "<group>"; };
		64A6280925BC1A8800593D81 /* Star.swift */ = {isa = PBXFileReference; lastKnownFileType = sourcecode.swift; path = Star.swift; sourceTree = "<group>"; };
		64A6280C25BC1A9500593D81 /* Planet.swift */ = {isa = PBXFileReference; lastKnownFileType = sourcecode.swift; path = Planet.swift; sourceTree = "<group>"; };
		64C2741125BC5FF300584B46 /* README.md */ = {isa = PBXFileReference; lastKnownFileType = net.daringfireball.markdown; path = README.md; sourceTree = "<group>"; };
		64EE37CF25B0908E005129CA /* Universe.app */ = {isa = PBXFileReference; explicitFileType = wrapper.application; includeInIndex = 0; path = Universe.app; sourceTree = BUILT_PRODUCTS_DIR; };
		64EE37D225B0908F005129CA /* AppDelegate.swift */ = {isa = PBXFileReference; lastKnownFileType = sourcecode.swift; path = AppDelegate.swift; sourceTree = "<group>"; };
		64EE37D425B0908F005129CA /* SceneDelegate.swift */ = {isa = PBXFileReference; lastKnownFileType = sourcecode.swift; path = SceneDelegate.swift; sourceTree = "<group>"; };
		64EE37D925B0908F005129CA /* Base */ = {isa = PBXFileReference; lastKnownFileType = file.storyboard; name = Base; path = Base.lproj/Main.storyboard; sourceTree = "<group>"; };
		64EE37DB25B09092005129CA /* Assets.xcassets */ = {isa = PBXFileReference; lastKnownFileType = folder.assetcatalog; path = Assets.xcassets; sourceTree = "<group>"; };
		64EE37DE25B09092005129CA /* Base */ = {isa = PBXFileReference; lastKnownFileType = file.storyboard; name = Base; path = Base.lproj/LaunchScreen.storyboard; sourceTree = "<group>"; };
		64EE37E025B09092005129CA /* Info.plist */ = {isa = PBXFileReference; lastKnownFileType = text.plist.xml; path = Info.plist; sourceTree = "<group>"; };
/* End PBXFileReference section */

/* Begin PBXFrameworksBuildPhase section */
		64EE37CC25B0908E005129CA /* Frameworks */ = {
			isa = PBXFrameworksBuildPhase;
			buildActionMask = 2147483647;
			files = (
			);
			runOnlyForDeploymentPostprocessing = 0;
		};
/* End PBXFrameworksBuildPhase section */

/* Begin PBXGroup section */
		64988C5925C029A20084E2EE /* Universe */ = {
			isa = PBXGroup;
			children = (
				64A6280025BB898000593D81 /* Universe.swift */,
			);
			path = Universe;
			sourceTree = "<group>";
		};
		64988C5A25C029B00084E2EE /* Galaxy */ = {
			isa = PBXGroup;
			children = (
				64A6280325BB96A400593D81 /* Galaxy.swift */,
				64988C6125C02B2C0084E2EE /* GalaxyType.swift */,
			);
			path = Galaxy;
			sourceTree = "<group>";
		};
		64988C5B25C029BE0084E2EE /* SolarSystem */ = {
			isa = PBXGroup;
			children = (
				64A6280625BC1A7E00593D81 /* SolarSystem.swift */,
			);
			path = SolarSystem;
			sourceTree = "<group>";
		};
		64988C5C25C029D30084E2EE /* Star */ = {
			isa = PBXGroup;
			children = (
				64A6280925BC1A8800593D81 /* Star.swift */,
				64988C5E25C029FD0084E2EE /* StarTypeEvolution.swift */,
			);
			path = Star;
			sourceTree = "<group>";
		};
		64988C5D25C029E00084E2EE /* Planet */ = {
			isa = PBXGroup;
			children = (
				64A6280C25BC1A9500593D81 /* Planet.swift */,
			);
			path = Planet;
			sourceTree = "<group>";
		};
		64A627FF25BB895D00593D81 /* Model */ = {
			isa = PBXGroup;
			children = (
				64988C5925C029A20084E2EE /* Universe */,
				64988C5A25C029B00084E2EE /* Galaxy */,
				64988C5B25C029BE0084E2EE /* SolarSystem */,
				64988C5C25C029D30084E2EE /* Star */,
				64988C5D25C029E00084E2EE /* Planet */,
				648C057F25BF667200E32C74 /* SkyObject.swift */,
				6465E56725C0CB6300CB4FD9 /* ChangesDelegate.swift */,
			);
			path = Model;
			sourceTree = "<group>";
		};
		64A6280F25BC1B1800593D81 /* View */ = {
			isa = PBXGroup;
			children = (
				64EE37D825B0908F005129CA /* Main.storyboard */,
				64EE37DD25B09092005129CA /* LaunchScreen.storyboard */,
				6484450A25C08CF400927F00 /* GalaxyCollectionViewCell.swift */,
			);
			path = View;
			sourceTree = "<group>";
		};
		64A6281025BC1B3300593D81 /* Controllers */ = {
			isa = PBXGroup;
			children = (
				648444FD25C0741200927F00 /* UniverseViewController.swift */,
				6484450125C0747900927F00 /* GalaxyViewController.swift */,
				6484450425C0748B00927F00 /* SolarSystemViewController.swift */,
				6484450725C0749D00927F00 /* PlanetViewController.swift */,
			);
			path = Controllers;
			sourceTree = "<group>";
		};
		64EE37C625B0908E005129CA = {
			isa = PBXGroup;
			children = (
				64C2741125BC5FF300584B46 /* README.md */,
				64EE37D125B0908F005129CA /* Universe */,
				64EE37DB25B09092005129CA /* Assets.xcassets */,
				64EE37E025B09092005129CA /* Info.plist */,
				64EE37D025B0908E005129CA /* Products */,
			);
			sourceTree = "<group>";
		};
		64EE37D025B0908E005129CA /* Products */ = {
			isa = PBXGroup;
			children = (
				64EE37CF25B0908E005129CA /* Universe.app */,
			);
			name = Products;
			sourceTree = "<group>";
		};
		64EE37D125B0908F005129CA /* Universe */ = {
			isa = PBXGroup;
			children = (
				64EE37D225B0908F005129CA /* AppDelegate.swift */,
				64EE37D425B0908F005129CA /* SceneDelegate.swift */,
				64A627FF25BB895D00593D81 /* Model */,
				64A6280F25BC1B1800593D81 /* View */,
				64A6281025BC1B3300593D81 /* Controllers */,
			);
			path = Universe;
			sourceTree = "<group>";
		};
/* End PBXGroup section */

/* Begin PBXNativeTarget section */
		64EE37CE25B0908E005129CA /* Universe */ = {
			isa = PBXNativeTarget;
			buildConfigurationList = 64EE37E325B09092005129CA /* Build configuration list for PBXNativeTarget "Universe" */;
			buildPhases = (
				64EE37CB25B0908E005129CA /* Sources */,
				64EE37CC25B0908E005129CA /* Frameworks */,
				64EE37CD25B0908E005129CA /* Resources */,
			);
			buildRules = (
			);
			dependencies = (
			);
			name = Universe;
			productName = Universe;
			productReference = 64EE37CF25B0908E005129CA /* Universe.app */;
			productType = "com.apple.product-type.application";
		};
/* End PBXNativeTarget section */

/* Begin PBXProject section */
		64EE37C725B0908E005129CA /* Project object */ = {
			isa = PBXProject;
			attributes = {
				LastSwiftUpdateCheck = 1220;
				LastUpgradeCheck = 1220;
				TargetAttributes = {
					64EE37CE25B0908E005129CA = {
						CreatedOnToolsVersion = 12.2;
					};
				};
			};
			buildConfigurationList = 64EE37CA25B0908E005129CA /* Build configuration list for PBXProject "Universe" */;
			compatibilityVersion = "Xcode 9.3";
			developmentRegion = en;
			hasScannedForEncodings = 0;
			knownRegions = (
				en,
				Base,
			);
			mainGroup = 64EE37C625B0908E005129CA;
			productRefGroup = 64EE37D025B0908E005129CA /* Products */;
			projectDirPath = "";
			projectRoot = "";
			targets = (
				64EE37CE25B0908E005129CA /* Universe */,
			);
		};
/* End PBXProject section */

/* Begin PBXResourcesBuildPhase section */
		64EE37CD25B0908E005129CA /* Resources */ = {
			isa = PBXResourcesBuildPhase;
			buildActionMask = 2147483647;
			files = (
				64EE37DF25B09092005129CA /* LaunchScreen.storyboard in Resources */,
				64EE37DC25B09092005129CA /* Assets.xcassets in Resources */,
				64C2741225BC5FF300584B46 /* README.md in Resources */,
				64EE37DA25B0908F005129CA /* Main.storyboard in Resources */,
			);
			runOnlyForDeploymentPostprocessing = 0;
		};
/* End PBXResourcesBuildPhase section */

/* Begin PBXSourcesBuildPhase section */
		64EE37CB25B0908E005129CA /* Sources */ = {
			isa = PBXSourcesBuildPhase;
			buildActionMask = 2147483647;
			files = (
				64988C5F25C029FD0084E2EE /* StarTypeEvolution.swift in Sources */,
				6484450525C0748B00927F00 /* SolarSystemViewController.swift in Sources */,
				64EE37D325B0908F005129CA /* AppDelegate.swift in Sources */,
				648444FE25C0741200927F00 /* UniverseViewController.swift in Sources */,
				6465E56825C0CB6300CB4FD9 /* ChangesDelegate.swift in Sources */,
				64A6280725BC1A7E00593D81 /* SolarSystem.swift in Sources */,
				64A6280D25BC1A9500593D81 /* Planet.swift in Sources */,
				64A6280A25BC1A8800593D81 /* Star.swift in Sources */,
				64A6280125BB898000593D81 /* Universe.swift in Sources */,
				6484450825C0749D00927F00 /* PlanetViewController.swift in Sources */,
				648C058025BF667200E32C74 /* SkyObject.swift in Sources */,
				6484450B25C08CF400927F00 /* GalaxyCollectionViewCell.swift in Sources */,
				6484450225C0747900927F00 /* GalaxyViewController.swift in Sources */,
				64A6280425BB96A400593D81 /* Galaxy.swift in Sources */,
				64988C6225C02B2C0084E2EE /* GalaxyType.swift in Sources */,
				64EE37D525B0908F005129CA /* SceneDelegate.swift in Sources */,
			);
			runOnlyForDeploymentPostprocessing = 0;
		};
/* End PBXSourcesBuildPhase section */

/* Begin PBXVariantGroup section */
		64EE37D825B0908F005129CA /* Main.storyboard */ = {
			isa = PBXVariantGroup;
			children = (
				64EE37D925B0908F005129CA /* Base */,
			);
			name = Main.storyboard;
			sourceTree = "<group>";
		};
		64EE37DD25B09092005129CA /* LaunchScreen.storyboard */ = {
			isa = PBXVariantGroup;
			children = (
				64EE37DE25B09092005129CA /* Base */,
			);
			name = LaunchScreen.storyboard;
			sourceTree = "<group>";
		};
/* End PBXVariantGroup section */

/* Begin XCBuildConfiguration section */
		64EE37E125B09092005129CA /* Debug */ = {
			isa = XCBuildConfiguration;
			buildSettings = {
				ALWAYS_SEARCH_USER_PATHS = NO;
				CLANG_ANALYZER_NONNULL = YES;
				CLANG_ANALYZER_NUMBER_OBJECT_CONVERSION = YES_AGGRESSIVE;
				CLANG_CXX_LANGUAGE_STANDARD = "gnu++14";
				CLANG_CXX_LIBRARY = "libc++";
				CLANG_ENABLE_MODULES = YES;
				CLANG_ENABLE_OBJC_ARC = YES;
				CLANG_ENABLE_OBJC_WEAK = YES;
				CLANG_WARN_BLOCK_CAPTURE_AUTORELEASING = YES;
				CLANG_WARN_BOOL_CONVERSION = YES;
				CLANG_WARN_COMMA = YES;
				CLANG_WARN_CONSTANT_CONVERSION = YES;
				CLANG_WARN_DEPRECATED_OBJC_IMPLEMENTATIONS = YES;
				CLANG_WARN_DIRECT_OBJC_ISA_USAGE = YES_ERROR;
				CLANG_WARN_DOCUMENTATION_COMMENTS = YES;
				CLANG_WARN_EMPTY_BODY = YES;
				CLANG_WARN_ENUM_CONVERSION = YES;
				CLANG_WARN_INFINITE_RECURSION = YES;
				CLANG_WARN_INT_CONVERSION = YES;
				CLANG_WARN_NON_LITERAL_NULL_CONVERSION = YES;
				CLANG_WARN_OBJC_IMPLICIT_RETAIN_SELF = YES;
				CLANG_WARN_OBJC_LITERAL_CONVERSION = YES;
				CLANG_WARN_OBJC_ROOT_CLASS = YES_ERROR;
				CLANG_WARN_QUOTED_INCLUDE_IN_FRAMEWORK_HEADER = YES;
				CLANG_WARN_RANGE_LOOP_ANALYSIS = YES;
				CLANG_WARN_STRICT_PROTOTYPES = YES;
				CLANG_WARN_SUSPICIOUS_MOVE = YES;
				CLANG_WARN_UNGUARDED_AVAILABILITY = YES_AGGRESSIVE;
				CLANG_WARN_UNREACHABLE_CODE = YES;
				CLANG_WARN__DUPLICATE_METHOD_MATCH = YES;
				COPY_PHASE_STRIP = NO;
				DEBUG_INFORMATION_FORMAT = dwarf;
				ENABLE_STRICT_OBJC_MSGSEND = YES;
				ENABLE_TESTABILITY = YES;
				GCC_C_LANGUAGE_STANDARD = gnu11;
				GCC_DYNAMIC_NO_PIC = NO;
				GCC_NO_COMMON_BLOCKS = YES;
				GCC_OPTIMIZATION_LEVEL = 0;
				GCC_PREPROCESSOR_DEFINITIONS = (
					"DEBUG=1",
					"$(inherited)",
				);
				GCC_WARN_64_TO_32_BIT_CONVERSION = YES;
				GCC_WARN_ABOUT_RETURN_TYPE = YES_ERROR;
				GCC_WARN_UNDECLARED_SELECTOR = YES;
				GCC_WARN_UNINITIALIZED_AUTOS = YES_AGGRESSIVE;
				GCC_WARN_UNUSED_FUNCTION = YES;
				GCC_WARN_UNUSED_VARIABLE = YES;
				IPHONEOS_DEPLOYMENT_TARGET = 14.2;
				MTL_ENABLE_DEBUG_INFO = INCLUDE_SOURCE;
				MTL_FAST_MATH = YES;
				ONLY_ACTIVE_ARCH = YES;
				SDKROOT = iphoneos;
				SWIFT_ACTIVE_COMPILATION_CONDITIONS = DEBUG;
				SWIFT_OPTIMIZATION_LEVEL = "-Onone";
			};
			name = Debug;
		};
		64EE37E225B09092005129CA /* Release */ = {
			isa = XCBuildConfiguration;
			buildSettings = {
				ALWAYS_SEARCH_USER_PATHS = NO;
				CLANG_ANALYZER_NONNULL = YES;
				CLANG_ANALYZER_NUMBER_OBJECT_CONVERSION = YES_AGGRESSIVE;
				CLANG_CXX_LANGUAGE_STANDARD = "gnu++14";
				CLANG_CXX_LIBRARY = "libc++";
				CLANG_ENABLE_MODULES = YES;
				CLANG_ENABLE_OBJC_ARC = YES;
				CLANG_ENABLE_OBJC_WEAK = YES;
				CLANG_WARN_BLOCK_CAPTURE_AUTORELEASING = YES;
				CLANG_WARN_BOOL_CONVERSION = YES;
				CLANG_WARN_COMMA = YES;
				CLANG_WARN_CONSTANT_CONVERSION = YES;
				CLANG_WARN_DEPRECATED_OBJC_IMPLEMENTATIONS = YES;
				CLANG_WARN_DIRECT_OBJC_ISA_USAGE = YES_ERROR;
				CLANG_WARN_DOCUMENTATION_COMMENTS = YES;
				CLANG_WARN_EMPTY_BODY = YES;
				CLANG_WARN_ENUM_CONVERSION = YES;
				CLANG_WARN_INFINITE_RECURSION = YES;
				CLANG_WARN_INT_CONVERSION = YES;
				CLANG_WARN_NON_LITERAL_NULL_CONVERSION = YES;
				CLANG_WARN_OBJC_IMPLICIT_RETAIN_SELF = YES;
				CLANG_WARN_OBJC_LITERAL_CONVERSION = YES;
				CLANG_WARN_OBJC_ROOT_CLASS = YES_ERROR;
				CLANG_WARN_QUOTED_INCLUDE_IN_FRAMEWORK_HEADER = YES;
				CLANG_WARN_RANGE_LOOP_ANALYSIS = YES;
				CLANG_WARN_STRICT_PROTOTYPES = YES;
				CLANG_WARN_SUSPICIOUS_MOVE = YES;
				CLANG_WARN_UNGUARDED_AVAILABILITY = YES_AGGRESSIVE;
				CLANG_WARN_UNREACHABLE_CODE = YES;
				CLANG_WARN__DUPLICATE_METHOD_MATCH = YES;
				COPY_PHASE_STRIP = NO;
				DEBUG_INFORMATION_FORMAT = "dwarf-with-dsym";
				ENABLE_NS_ASSERTIONS = NO;
				ENABLE_STRICT_OBJC_MSGSEND = YES;
				GCC_C_LANGUAGE_STANDARD = gnu11;
				GCC_NO_COMMON_BLOCKS = YES;
				GCC_WARN_64_TO_32_BIT_CONVERSION = YES;
				GCC_WARN_ABOUT_RETURN_TYPE = YES_ERROR;
				GCC_WARN_UNDECLARED_SELECTOR = YES;
				GCC_WARN_UNINITIALIZED_AUTOS = YES_AGGRESSIVE;
				GCC_WARN_UNUSED_FUNCTION = YES;
				GCC_WARN_UNUSED_VARIABLE = YES;
				IPHONEOS_DEPLOYMENT_TARGET = 14.2;
				MTL_ENABLE_DEBUG_INFO = NO;
				MTL_FAST_MATH = YES;
				SDKROOT = iphoneos;
				SWIFT_COMPILATION_MODE = wholemodule;
				SWIFT_OPTIMIZATION_LEVEL = "-O";
				VALIDATE_PRODUCT = YES;
			};
			name = Release;
		};
		64EE37E425B09092005129CA /* Debug */ = {
			isa = XCBuildConfiguration;
			buildSettings = {
				ASSETCATALOG_COMPILER_APPICON_NAME = AppIcon;
				ASSETCATALOG_COMPILER_GLOBAL_ACCENT_COLOR_NAME = AccentColor;
				CODE_SIGN_STYLE = Automatic;
				DEVELOPMENT_TEAM = 627MATR572;
				INFOPLIST_FILE = "$(SRCROOT)/Info.plist";
				IPHONEOS_DEPLOYMENT_TARGET = 14.2;
				LD_RUNPATH_SEARCH_PATHS = (
					"$(inherited)",
					"@executable_path/Frameworks",
				);
				PRODUCT_BUNDLE_IDENTIFIER = "Happy-Tech.Universe";
				PRODUCT_NAME = "$(TARGET_NAME)";
				SWIFT_VERSION = 5.0;
				TARGETED_DEVICE_FAMILY = 1;
			};
			name = Debug;
		};
		64EE37E525B09092005129CA /* Release */ = {
			isa = XCBuildConfiguration;
			buildSettings = {
				ASSETCATALOG_COMPILER_APPICON_NAME = AppIcon;
				ASSETCATALOG_COMPILER_GLOBAL_ACCENT_COLOR_NAME = AccentColor;
				CODE_SIGN_STYLE = Automatic;
				DEVELOPMENT_TEAM = 627MATR572;
				INFOPLIST_FILE = "$(SRCROOT)/Info.plist";
				IPHONEOS_DEPLOYMENT_TARGET = 14.2;
				LD_RUNPATH_SEARCH_PATHS = (
					"$(inherited)",
					"@executable_path/Frameworks",
				);
				PRODUCT_BUNDLE_IDENTIFIER = "Happy-Tech.Universe";
				PRODUCT_NAME = "$(TARGET_NAME)";
				SWIFT_VERSION = 5.0;
				TARGETED_DEVICE_FAMILY = 1;
			};
			name = Release;
		};
/* End XCBuildConfiguration section */

/* Begin XCConfigurationList section */
		64EE37CA25B0908E005129CA /* Build configuration list for PBXProject "Universe" */ = {
			isa = XCConfigurationList;
			buildConfigurations = (
				64EE37E125B09092005129CA /* Debug */,
				64EE37E225B09092005129CA /* Release */,
			);
			defaultConfigurationIsVisible = 0;
			defaultConfigurationName = Release;
		};
		64EE37E325B09092005129CA /* Build configuration list for PBXNativeTarget "Universe" */ = {
			isa = XCConfigurationList;
			buildConfigurations = (
				64EE37E425B09092005129CA /* Debug */,
				64EE37E525B09092005129CA /* Release */,
			);
			defaultConfigurationIsVisible = 0;
			defaultConfigurationName = Release;
		};
/* End XCConfigurationList section */
	};
	rootObject = 64EE37C725B0908E005129CA /* Project object */;
}
